
Microsoft Visual Studio Solution File, Format Version 12.00
# Visual Studio 15
Project("{FAE04EC0-301F-11D3-BF4B-00C04F79EFBC}") = "Assembly-CSharp", "Assembly-CSharp.csproj", "{8BD75596-2BBF-9235-620C-74D4833532BB}"
EndProject
Project("{FAE04EC0-301F-11D3-BF4B-00C04F79EFBC}") = "Assembly-CSharp-Editor", "Assembly-CSharp-Editor.csproj", "{976A671D-4991-32A8-D9DD-9F8E3860852A}"
EndProject
Global
	GlobalSection(SolutionConfigurationPlatforms) = preSolution
		Debug|Any CPU = Debug|Any CPU
		Release|Any CPU = Release|Any CPU
	EndGlobalSection
	GlobalSection(ProjectConfigurationPlatforms) = postSolution
		{8BD75596-2BBF-9235-620C-74D4833532BB}.Debug|Any CPU.ActiveCfg = Debug|Any CPU
		{8BD75596-2BBF-9235-620C-74D4833532BB}.Debug|Any CPU.Build.0 = Debug|Any CPU
		{8BD75596-2BBF-9235-620C-74D4833532BB}.Release|Any CPU.ActiveCfg = Release|Any CPU
		{8BD75596-2BBF-9235-620C-74D4833532BB}.Release|Any CPU.Build.0 = Release|Any CPU
		{976A671D-4991-32A8-D9DD-9F8E3860852A}.Debug|Any CPU.ActiveCfg = Debug|Any CPU
		{976A671D-4991-32A8-D9DD-9F8E3860852A}.Debug|Any CPU.Build.0 = Debug|Any CPU
		{976A671D-4991-32A8-D9DD-9F8E3860852A}.Release|Any CPU.ActiveCfg = Release|Any CPU
		{976A671D-4991-32A8-D9DD-9F8E3860852A}.Release|Any CPU.Build.0 = Release|Any CPU
	EndGlobalSection
	GlobalSection(SolutionProperties) = preSolution
		HideSolutionNode = FALSE
	EndGlobalSection
EndGlobal
